
Microsoft Visual Studio Solution File, Format Version 12.00
# Visual Studio Version 17
VisualStudioVersion = 17.5.33530.505
MinimumVisualStudioVersion = 10.0.40219.1
Project("{9A19103F-16F7-4668-BE54-9A1E7A4F7556}") = "FlyDrop", "FlyDrop\FlyDrop.csproj", "{980EE1AA-DC1B-4E8B-993E-1D6B455436E2}"
EndProject
Project("{9A19103F-16F7-4668-BE54-9A1E7A4F7556}") = "FlyDrop.Core", "FlyDrop.Core\FlyDrop.Core.csproj", "{D5A36B50-BECB-47D2-A4FF-DB9D2740A181}"
EndProject
Global
	GlobalSection(SolutionConfigurationPlatforms) = preSolution
		Debug|Any CPU = Debug|Any CPU
		Debug|ARM64 = Debug|ARM64
		Debug|x64 = Debug|x64
		Debug|x86 = Debug|x86
		Release|Any CPU = Release|Any CPU
		Release|ARM64 = Release|ARM64
		Release|x64 = Release|x64
		Release|x86 = Release|x86
	EndGlobalSection
	GlobalSection(ProjectConfigurationPlatforms) = postSolution
		{980EE1AA-DC1B-4E8B-993E-1D6B455436E2}.Debug|Any CPU.ActiveCfg = Debug|x64
		{980EE1AA-DC1B-4E8B-993E-1D6B455436E2}.Debug|Any CPU.Build.0 = Debug|x64
		{980EE1AA-DC1B-4E8B-993E-1D6B455436E2}.Debug|Any CPU.Deploy.0 = Debug|x64
		{980EE1AA-DC1B-4E8B-993E-1D6B455436E2}.Debug|ARM64.ActiveCfg = Debug|ARM64
		{980EE1AA-DC1B-4E8B-993E-1D6B455436E2}.Debug|ARM64.Build.0 = Debug|ARM64
		{980EE1AA-DC1B-4E8B-993E-1D6B455436E2}.Debug|ARM64.Deploy.0 = Debug|ARM64
		{980EE1AA-DC1B-4E8B-993E-1D6B455436E2}.Debug|x64.ActiveCfg = Debug|x64
		{980EE1AA-DC1B-4E8B-993E-1D6B455436E2}.Debug|x64.Build.0 = Debug|x64
		{980EE1AA-DC1B-4E8B-993E-1D6B455436E2}.Debug|x64.Deploy.0 = Debug|x64
		{980EE1AA-DC1B-4E8B-993E-1D6B455436E2}.Debug|x86.ActiveCfg = Debug|x86
		{980EE1AA-DC1B-4E8B-993E-1D6B455436E2}.Debug|x86.Build.0 = Debug|x86
		{980EE1AA-DC1B-4E8B-993E-1D6B455436E2}.Debug|x86.Deploy.0 = Debug|x86
		{980EE1AA-DC1B-4E8B-993E-1D6B455436E2}.Release|Any CPU.ActiveCfg = Release|x64
		{980EE1AA-DC1B-4E8B-993E-1D6B455436E2}.Release|Any CPU.Build.0 = Release|x64
		{980EE1AA-DC1B-4E8B-993E-1D6B455436E2}.Release|Any CPU.Deploy.0 = Release|x64
		{980EE1AA-DC1B-4E8B-993E-1D6B455436E2}.Release|ARM64.ActiveCfg = Release|ARM64
		{980EE1AA-DC1B-4E8B-993E-1D6B455436E2}.Release|ARM64.Build.0 = Release|ARM64
		{980EE1AA-DC1B-4E8B-993E-1D6B455436E2}.Release|ARM64.Deploy.0 = Release|ARM64
		{980EE1AA-DC1B-4E8B-993E-1D6B455436E2}.Release|x64.ActiveCfg = Release|x64
		{980EE1AA-DC1B-4E8B-993E-1D6B455436E2}.Release|x64.Build.0 = Release|x64
		{980EE1AA-DC1B-4E8B-993E-1D6B455436E2}.Release|x64.Deploy.0 = Release|x64
		{980EE1AA-DC1B-4E8B-993E-1D6B455436E2}.Release|x86.ActiveCfg = Release|x86
		{980EE1AA-DC1B-4E8B-993E-1D6B455436E2}.Release|x86.Build.0 = Release|x86
		{980EE1AA-DC1B-4E8B-993E-1D6B455436E2}.Release|x86.Deploy.0 = Release|x86
		{D5A36B50-BECB-47D2-A4FF-DB9D2740A181}.Debug|Any CPU.ActiveCfg = Debug|Any CPU
		{D5A36B50-BECB-47D2-A4FF-DB9D2740A181}.Debug|Any CPU.Build.0 = Debug|Any CPU
		{D5A36B50-BECB-47D2-A4FF-DB9D2740A181}.Debug|ARM64.ActiveCfg = Debug|Any CPU
		{D5A36B50-BECB-47D2-A4FF-DB9D2740A181}.Debug|ARM64.Build.0 = Debug|Any CPU
		{D5A36B50-BECB-47D2-A4FF-DB9D2740A181}.Debug|x64.ActiveCfg = Debug|Any CPU
		{D5A36B50-BECB-47D2-A4FF-DB9D2740A181}.Debug|x64.Build.0 = Debug|Any CPU
		{D5A36B50-BECB-47D2-A4FF-DB9D2740A181}.Debug|x86.ActiveCfg = Debug|Any CPU
		{D5A36B50-BECB-47D2-A4FF-DB9D2740A181}.Debug|x86.Build.0 = Debug|Any CPU
		{D5A36B50-BECB-47D2-A4FF-DB9D2740A181}.Release|Any CPU.ActiveCfg = Release|Any CPU
		{D5A36B50-BECB-47D2-A4FF-DB9D2740A181}.Release|Any CPU.Build.0 = Release|Any CPU
		{D5A36B50-BECB-47D2-A4FF-DB9D2740A181}.Release|ARM64.ActiveCfg = Release|Any CPU
		{D5A36B50-BECB-47D2-A4FF-DB9D2740A181}.Release|ARM64.Build.0 = Release|Any CPU
		{D5A36B50-BECB-47D2-A4FF-DB9D2740A181}.Release|x64.ActiveCfg = Release|Any CPU
		{D5A36B50-BECB-47D2-A4FF-DB9D2740A181}.Release|x64.Build.0 = Release|Any CPU
		{D5A36B50-BECB-47D2-A4FF-DB9D2740A181}.Release|x86.ActiveCfg = Release|Any CPU
		{D5A36B50-BECB-47D2-A4FF-DB9D2740A181}.Release|x86.Build.0 = Release|Any CPU
	EndGlobalSection
	GlobalSection(SolutionProperties) = preSolution
		HideSolutionNode = FALSE
	EndGlobalSection
	GlobalSection(ExtensibilityGlobals) = postSolution
		SolutionGuid = {FA5CB092-0731-496D-AAAC-DB9F695A9CD4}
	EndGlobalSection
EndGlobal
